
Microsoft Visual Studio Solution File, Format Version 12.00
# Visual Studio Version 16
VisualStudioVersion = 16.0.34114.132
MinimumVisualStudioVersion = 10.0.40219.1
Project("{9A19103F-16F7-4668-BE54-9A1E7A4F7556}") = "Project_SXKT", "Project_SXKT\Project_SXKT.csproj", "{E1F46055-022F-4CFE-BE0E-7CDF014B0176}"
EndProject
Project("{9A19103F-16F7-4668-BE54-9A1E7A4F7556}") = "Lib_ConnectDB", "Lib_ConnectDB\Lib_ConnectDB.csproj", "{B7F51BB4-D4BF-4719-9DDF-0FD98EC9D629}"
EndProject
Project("{9A19103F-16F7-4668-BE54-9A1E7A4F7556}") = "UtilTools", "UtilTools\UtilTools.csproj", "{007B1E6D-2F91-4604-B10D-D5787B142D76}"
EndProject
Project("{FAE04EC0-301F-11D3-BF4B-00C04F79EFBC}") = "ClientApp", "ClientApp\ClientApp.csproj", "{4668919A-7416-454B-AF68-BCC6F7A95A97}"
EndProject
Project("{FAE04EC0-301F-11D3-BF4B-00C04F79EFBC}") = "Lib_Models", "Lib_Models\Lib_Models.csproj", "{04A30535-C182-49AE-ADC8-13F7B5F7BF1F}"
EndProject
Global
	GlobalSection(SolutionConfigurationPlatforms) = preSolution
		Debug|Any CPU = Debug|Any CPU
		Release|Any CPU = Release|Any CPU
	EndGlobalSection
	GlobalSection(ProjectConfigurationPlatforms) = postSolution
		{E1F46055-022F-4CFE-BE0E-7CDF014B0176}.Debug|Any CPU.ActiveCfg = Debug|Any CPU
		{E1F46055-022F-4CFE-BE0E-7CDF014B0176}.Debug|Any CPU.Build.0 = Debug|Any CPU
		{E1F46055-022F-4CFE-BE0E-7CDF014B0176}.Release|Any CPU.ActiveCfg = Release|Any CPU
		{E1F46055-022F-4CFE-BE0E-7CDF014B0176}.Release|Any CPU.Build.0 = Release|Any CPU
		{B7F51BB4-D4BF-4719-9DDF-0FD98EC9D629}.Debug|Any CPU.ActiveCfg = Debug|Any CPU
		{B7F51BB4-D4BF-4719-9DDF-0FD98EC9D629}.Debug|Any CPU.Build.0 = Debug|Any CPU
		{B7F51BB4-D4BF-4719-9DDF-0FD98EC9D629}.Release|Any CPU.ActiveCfg = Release|Any CPU
		{B7F51BB4-D4BF-4719-9DDF-0FD98EC9D629}.Release|Any CPU.Build.0 = Release|Any CPU
		{007B1E6D-2F91-4604-B10D-D5787B142D76}.Debug|Any CPU.ActiveCfg = Debug|Any CPU
		{007B1E6D-2F91-4604-B10D-D5787B142D76}.Debug|Any CPU.Build.0 = Debug|Any CPU
		{007B1E6D-2F91-4604-B10D-D5787B142D76}.Release|Any CPU.ActiveCfg = Release|Any CPU
		{007B1E6D-2F91-4604-B10D-D5787B142D76}.Release|Any CPU.Build.0 = Release|Any CPU
		{4668919A-7416-454B-AF68-BCC6F7A95A97}.Debug|Any CPU.ActiveCfg = Debug|Any CPU
		{4668919A-7416-454B-AF68-BCC6F7A95A97}.Debug|Any CPU.Build.0 = Debug|Any CPU
		{4668919A-7416-454B-AF68-BCC6F7A95A97}.Release|Any CPU.ActiveCfg = Release|Any CPU
		{4668919A-7416-454B-AF68-BCC6F7A95A97}.Release|Any CPU.Build.0 = Release|Any CPU
		{04A30535-C182-49AE-ADC8-13F7B5F7BF1F}.Debug|Any CPU.ActiveCfg = Debug|Any CPU
		{04A30535-C182-49AE-ADC8-13F7B5F7BF1F}.Debug|Any CPU.Build.0 = Debug|Any CPU
		{04A30535-C182-49AE-ADC8-13F7B5F7BF1F}.Release|Any CPU.ActiveCfg = Release|Any CPU
		{04A30535-C182-49AE-ADC8-13F7B5F7BF1F}.Release|Any CPU.Build.0 = Release|Any CPU
	EndGlobalSection
	GlobalSection(SolutionProperties) = preSolution
		HideSolutionNode = FALSE
	EndGlobalSection
	GlobalSection(ExtensibilityGlobals) = postSolution
		SolutionGuid = {659F811C-9B1E-4D5C-ADF5-0411781B384B}
	EndGlobalSection
EndGlobal
